# THIS IS AN AUTOGENERATED FILE. DO NOT EDIT THIS FILE DIRECTLY.
# yarn lockfile v1


typescript@^3.8.0-dev.20191119:
  version "3.8.0-dev.20191119"
  resolved "https://registry.yarnpkg.com/typescript/-/typescript-3.8.0-dev.20191119.tgz#faf2c9977793f5338841ad6c710c2348b4a81b43"
  integrity sha512-9YQOp2Lp1cqeoAbhpZRAUpM+6xbisNt/glvaH1x3nNT8z3kOCn4xFj0w+QnTyaOfa6d0ZqBdVgydepjk7WzOXg==
